{
  "originHash" : "61f4267ff5d9527c9e75f61e16683a444cf500e594fb89bbebbb3ae3a552a4d5",
  "pins" : [
    {
      "identity" : "citron",
      "kind" : "remoteSourceControl",
      "location" : "https://github.com/roop/citron.git",
      "state" : {
        "branch" : "master",
        "revision" : "2ae70b254f6b8bb1692459ff44bbb7f8dd5de1e4"
      }
    },
    {
      "identity" : "diceroller",
      "kind" : "remoteSourceControl",
      "location" : "https://github.com/alanquatermain/DiceRoller.git",
      "state" : {
        "branch" : "main",
        "revision" : "4acf4dd6dfc11ec3b78b25732b70bb5a345e7323"
      }
    },
    {
      "identity" : "swift-algorithms",
      "kind" : "remoteSourceControl",
      "location" : "https://github.com/apple/swift-algorithms",
      "state" : {
        "revision" : "87e50f483c54e6efd60e885f7f5aa946cee68023",
        "version" : "1.2.1"
      }
    },
    {
      "identity" : "swift-argument-parser",
      "kind" : "remoteSourceControl",
      "location" : "https://github.com/apple/swift-argument-parser",
      "state" : {
        "revision" : "309a47b2b1d9b5e991f36961c983ecec72275be3",
        "version" : "1.6.1"
      }
    },
    {
      "identity" : "swift-docc-plugin",
      "kind" : "remoteSourceControl",
      "location" : "https://github.com/apple/swift-docc-plugin",
      "state" : {
        "revision" : "3e4f133a77e644a5812911a0513aeb7288b07d06",
        "version" : "1.4.5"
      }
    },
    {
      "identity" : "swift-docc-symbolkit",
      "kind" : "remoteSourceControl",
      "location" : "https://github.com/swiftlang/swift-docc-symbolkit",
      "state" : {
        "revision" : "b45d1f2ed151d057b54504d653e0da5552844e34",
        "version" : "1.0.0"
      }
    },
    {
      "identity" : "swift-numerics",
      "kind" : "remoteSourceControl",
      "location" : "https://github.com/apple/swift-numerics.git",
      "state" : {
        "revision" : "bbadd4b853a33fd78c4ae977d17bb2af15eb3f2a",
        "version" : "1.1.0"
      }
    },
    {
      "identity" : "swift-syntax",
      "kind" : "remoteSourceControl",
      "location" : "https://github.com/swiftlang/swift-syntax.git",
      "state" : {
        "revision" : "07bf225e198119c23b2b9a0a3432bdb534498873",
        "version" : "603.0.0-prerelease-2025-08-11"
      }
    },
    {
      "identity" : "swift-testing",
      "kind" : "remoteSourceControl",
      "location" : "https://github.com/swiftlang/swift-testing.git",
      "state" : {
        "branch" : "main",
        "revision" : "1be6b35e5275a89bdb3e29b09812de961297db7d"
      }
    }
  ],
  "version" : 3
}
